
Microsoft Visual Studio Solution File, Format Version 12.00
# Visual Studio Version 17
VisualStudioVersion = 17.6.33815.320
MinimumVisualStudioVersion = 10.0.40219.1
Project("{8BC9CEB8-8B4A-11D0-8D11-00A0C91BC942}") = "pandora", "pandora.vcxproj", "{82F417BE-49BF-44FF-9BBD-64FECEA181D7}"
EndProject
Global
	GlobalSection(SolutionConfigurationPlatforms) = preSolution
		Debug|x64 = Debug|x64
		Debug|x86 = Debug|x86
		Release|x64 = Release|x64
		Release|x86 = Release|x86
	EndGlobalSection
	GlobalSection(ProjectConfigurationPlatforms) = postSolution
		{82F417BE-49BF-44FF-9BBD-64FECEA181D7}.Debug|x64.ActiveCfg = Debug|x64
		{82F417BE-49BF-44FF-9BBD-64FECEA181D7}.Debug|x64.Build.0 = Debug|x64
		{82F417BE-49BF-44FF-9BBD-64FECEA181D7}.Debug|x86.ActiveCfg = Debug|Win32
		{82F417BE-49BF-44FF-9BBD-64FECEA181D7}.Debug|x86.Build.0 = Debug|Win32
		{82F417BE-49BF-44FF-9BBD-64FECEA181D7}.Release|x64.ActiveCfg = Release|x64
		{82F417BE-49BF-44FF-9BBD-64FECEA181D7}.Release|x64.Build.0 = Release|x64
		{82F417BE-49BF-44FF-9BBD-64FECEA181D7}.Release|x86.ActiveCfg = Release|Win32
		{82F417BE-49BF-44FF-9BBD-64FECEA181D7}.Release|x86.Build.0 = Release|Win32
	EndGlobalSection
	GlobalSection(SolutionProperties) = preSolution
		HideSolutionNode = FALSE
	EndGlobalSection
	GlobalSection(ExtensibilityGlobals) = postSolution
		SolutionGuid = {CD177620-B7FB-4761-97EC-BEE007D8CA9F}
	EndGlobalSection
EndGlobal
